
Microsoft Visual Studio Solution File, Format Version 12.00
# Visual Studio Version 16
VisualStudioVersion = 16.0.31129.286
MinimumVisualStudioVersion = 10.0.40219.1
Project("{FAE04EC0-301F-11D3-BF4B-00C04F79EFBC}") = "Projekat", "Projekat\Projekat.csproj", "{5131E9DE-AE96-4275-B990-497F184AA2AA}"
EndProject
Project("{FAE04EC0-301F-11D3-BF4B-00C04F79EFBC}") = "Common", "Common\Common.csproj", "{8B9A1228-3BCA-4482-B589-E685EF98A720}"
EndProject
Project("{FAE04EC0-301F-11D3-BF4B-00C04F79EFBC}") = "ResidentExecutor", "ResidentExecutor\ResidentExecutor.csproj", "{1A14239D-AB04-4CDA-BAF0-A07012CBFAEF}"
EndProject
Project("{FAE04EC0-301F-11D3-BF4B-00C04F79EFBC}") = "Client", "Client\Client.csproj", "{64036B5C-A1F6-4B30-ADC7-82214C423EF9}"
EndProject
Project("{FAE04EC0-301F-11D3-BF4B-00C04F79EFBC}") = "DataBase", "DataBase\DataBase.csproj", "{8DE0F8B4-CB0C-4271-A826-914A28DF9DFC}"
EndProject
Project("{FAE04EC0-301F-11D3-BF4B-00C04F79EFBC}") = "DAKlijent", "DAKlijent\DAKlijent.csproj", "{73515EBF-1D39-42F1-A127-CD6C59AACE7E}"
EndProject
Project("{FAE04EC0-301F-11D3-BF4B-00C04F79EFBC}") = "Client1", "Client1\Client1.csproj", "{508BB515-8E7C-402E-9E64-12DE61ACEA98}"
EndProject
Project("{2150E333-8FDC-42A3-9474-1A3956D46DE8}") = "Solution Items", "Solution Items", "{68F34A97-3E6B-40AA-AE80-04800C03341F}"
	ProjectSection(SolutionItems) = preProject
		ResidentExecutor\Log\LogFunkcija.TXT = ResidentExecutor\Log\LogFunkcija.TXT
	EndProjectSection
EndProject
Project("{FAE04EC0-301F-11D3-BF4B-00C04F79EFBC}") = "Funkcije", "Funkcije\Funkcije.csproj", "{8BB6E85D-46A2-49C0-8072-CE6B3FE3B4F4}"
EndProject
Global
	GlobalSection(SolutionConfigurationPlatforms) = preSolution
		Debug|Any CPU = Debug|Any CPU
		Release|Any CPU = Release|Any CPU
	EndGlobalSection
	GlobalSection(ProjectConfigurationPlatforms) = postSolution
		{5131E9DE-AE96-4275-B990-497F184AA2AA}.Debug|Any CPU.ActiveCfg = Debug|Any CPU
		{5131E9DE-AE96-4275-B990-497F184AA2AA}.Debug|Any CPU.Build.0 = Debug|Any CPU
		{5131E9DE-AE96-4275-B990-497F184AA2AA}.Release|Any CPU.ActiveCfg = Release|Any CPU
		{5131E9DE-AE96-4275-B990-497F184AA2AA}.Release|Any CPU.Build.0 = Release|Any CPU
		{8B9A1228-3BCA-4482-B589-E685EF98A720}.Debug|Any CPU.ActiveCfg = Debug|Any CPU
		{8B9A1228-3BCA-4482-B589-E685EF98A720}.Debug|Any CPU.Build.0 = Debug|Any CPU
		{8B9A1228-3BCA-4482-B589-E685EF98A720}.Release|Any CPU.ActiveCfg = Release|Any CPU
		{8B9A1228-3BCA-4482-B589-E685EF98A720}.Release|Any CPU.Build.0 = Release|Any CPU
		{1A14239D-AB04-4CDA-BAF0-A07012CBFAEF}.Debug|Any CPU.ActiveCfg = Debug|Any CPU
		{1A14239D-AB04-4CDA-BAF0-A07012CBFAEF}.Debug|Any CPU.Build.0 = Debug|Any CPU
		{1A14239D-AB04-4CDA-BAF0-A07012CBFAEF}.Release|Any CPU.ActiveCfg = Release|Any CPU
		{1A14239D-AB04-4CDA-BAF0-A07012CBFAEF}.Release|Any CPU.Build.0 = Release|Any CPU
		{64036B5C-A1F6-4B30-ADC7-82214C423EF9}.Debug|Any CPU.ActiveCfg = Debug|Any CPU
		{64036B5C-A1F6-4B30-ADC7-82214C423EF9}.Debug|Any CPU.Build.0 = Debug|Any CPU
		{64036B5C-A1F6-4B30-ADC7-82214C423EF9}.Release|Any CPU.ActiveCfg = Release|Any CPU
		{64036B5C-A1F6-4B30-ADC7-82214C423EF9}.Release|Any CPU.Build.0 = Release|Any CPU
		{8DE0F8B4-CB0C-4271-A826-914A28DF9DFC}.Debug|Any CPU.ActiveCfg = Debug|Any CPU
		{8DE0F8B4-CB0C-4271-A826-914A28DF9DFC}.Debug|Any CPU.Build.0 = Debug|Any CPU
		{8DE0F8B4-CB0C-4271-A826-914A28DF9DFC}.Release|Any CPU.ActiveCfg = Release|Any CPU
		{8DE0F8B4-CB0C-4271-A826-914A28DF9DFC}.Release|Any CPU.Build.0 = Release|Any CPU
		{73515EBF-1D39-42F1-A127-CD6C59AACE7E}.Debug|Any CPU.ActiveCfg = Debug|Any CPU
		{73515EBF-1D39-42F1-A127-CD6C59AACE7E}.Debug|Any CPU.Build.0 = Debug|Any CPU
		{73515EBF-1D39-42F1-A127-CD6C59AACE7E}.Release|Any CPU.ActiveCfg = Release|Any CPU
		{73515EBF-1D39-42F1-A127-CD6C59AACE7E}.Release|Any CPU.Build.0 = Release|Any CPU
		{508BB515-8E7C-402E-9E64-12DE61ACEA98}.Debug|Any CPU.ActiveCfg = Debug|Any CPU
		{508BB515-8E7C-402E-9E64-12DE61ACEA98}.Debug|Any CPU.Build.0 = Debug|Any CPU
		{508BB515-8E7C-402E-9E64-12DE61ACEA98}.Release|Any CPU.ActiveCfg = Release|Any CPU
		{508BB515-8E7C-402E-9E64-12DE61ACEA98}.Release|Any CPU.Build.0 = Release|Any CPU
		{8BB6E85D-46A2-49C0-8072-CE6B3FE3B4F4}.Debug|Any CPU.ActiveCfg = Debug|Any CPU
		{8BB6E85D-46A2-49C0-8072-CE6B3FE3B4F4}.Debug|Any CPU.Build.0 = Debug|Any CPU
		{8BB6E85D-46A2-49C0-8072-CE6B3FE3B4F4}.Release|Any CPU.ActiveCfg = Release|Any CPU
		{8BB6E85D-46A2-49C0-8072-CE6B3FE3B4F4}.Release|Any CPU.Build.0 = Release|Any CPU
	EndGlobalSection
	GlobalSection(SolutionProperties) = preSolution
		HideSolutionNode = FALSE
	EndGlobalSection
	GlobalSection(ExtensibilityGlobals) = postSolution
		SolutionGuid = {6B5F5AF8-A2A6-498F-92BF-BDD09DC98E17}
	EndGlobalSection
EndGlobal
